{
  "version": 4,
  "terraform_version": "1.3.6",
  "serial": 19,
  "lineage": "b3486de7-59b6-4e12-2ddd-b40b8d74ab28",
  "outputs": {
    "morristaiblog_api_key": {
      "value": "c5c2e4aeced826d75d46d46eccf2bc7b3fb67c6cf2dbda8cbaa79cdbbfd95e172-eeeb9b47-38df-4a2b-9123-7a6eda4d03c400f61799",
      "type": "string"
    },
    "morristaiblog_default_host_name": {
      "value": "gray-stone-0fb1b9e0f.2.azurestaticapps.net",
      "type": "string"
    }
  },
  "resources": [
    {
      "mode": "managed",
      "type": "azurerm_resource_group",
      "name": "blog",
      "provider": "provider[\"registry.terraform.io/hashicorp/azurerm\"]",
      "instances": [
        {
          "schema_version": 0,
          "attributes": {
            "id": "/subscriptions/1ac03bba-1ef3-4c2e-9b7f-7254ed1a3f38/resourceGroups/morristai-blog-rg",
            "location": "eastus",
            "name": "morristai-blog-rg",
            "tags": {},
            "timeouts": null
          },
          "sensitive_attributes": [],
          "private": "eyJlMmJmYjczMC1lY2FhLTExZTYtOGY4OC0zNDM2M2JjN2M0YzAiOnsiY3JlYXRlIjo1NDAwMDAwMDAwMDAwLCJkZWxldGUiOjU0MDAwMDAwMDAwMDAsInJlYWQiOjMwMDAwMDAwMDAwMCwidXBkYXRlIjo1NDAwMDAwMDAwMDAwfX0="
        }
      ]
    },
    {
      "mode": "managed",
      "type": "azurerm_static_site",
      "name": "blog",
      "provider": "provider[\"registry.terraform.io/hashicorp/azurerm\"]",
      "instances": [
        {
          "schema_version": 0,
          "attributes": {
            "api_key": "c5c2e4aeced826d75d46d46eccf2bc7b3fb67c6cf2dbda8cbaa79cdbbfd95e172-eeeb9b47-38df-4a2b-9123-7a6eda4d03c400f61799",
            "default_host_name": "gray-stone-0fb1b9e0f.2.azurestaticapps.net",
            "id": "/subscriptions/1ac03bba-1ef3-4c2e-9b7f-7254ed1a3f38/resourceGroups/morristai-blog-rg/providers/Microsoft.Web/staticSites/morristaiblog",
            "identity": [],
            "location": "eastus2",
            "name": "morristaiblog",
            "resource_group_name": "morristai-blog-rg",
            "sku_size": "Free",
            "sku_tier": "Free",
            "tags": {},
            "timeouts": null
          },
          "sensitive_attributes": [],
          "private": "eyJlMmJmYjczMC1lY2FhLTExZTYtOGY4OC0zNDM2M2JjN2M0YzAiOnsiY3JlYXRlIjoxODAwMDAwMDAwMDAwLCJkZWxldGUiOjE4MDAwMDAwMDAwMDAsInJlYWQiOjMwMDAwMDAwMDAwMCwidXBkYXRlIjoxODAwMDAwMDAwMDAwfX0=",
          "dependencies": [
            "azurerm_resource_group.blog"
          ]
        }
      ]
    },
    {
      "mode": "managed",
      "type": "azurerm_storage_account",
      "name": "blog",
      "provider": "provider[\"registry.terraform.io/hashicorp/azurerm\"]",
      "instances": [
        {
          "schema_version": 3,
          "attributes": {
            "access_tier": "Hot",
            "account_kind": "StorageV2",
            "account_replication_type": "GRS",
            "account_tier": "Standard",
            "allow_nested_items_to_be_public": true,
            "azure_files_authentication": [],
            "blob_properties": [
              {
                "change_feed_enabled": false,
                "change_feed_retention_in_days": 0,
                "container_delete_retention_policy": [],
                "cors_rule": [],
                "default_service_version": "",
                "delete_retention_policy": [],
                "last_access_time_enabled": false,
                "restore_policy": [],
                "versioning_enabled": false
              }
            ],
            "cross_tenant_replication_enabled": true,
            "custom_domain": [],
            "customer_managed_key": [],
            "default_to_oauth_authentication": false,
            "edge_zone": "",
            "enable_https_traffic_only": true,
            "id": "/subscriptions/1ac03bba-1ef3-4c2e-9b7f-7254ed1a3f38/resourceGroups/morristai-blog-rg/providers/Microsoft.Storage/storageAccounts/storagemorristaiblog",
            "identity": [],
            "immutability_policy": [],
            "infrastructure_encryption_enabled": false,
            "is_hns_enabled": false,
            "large_file_share_enabled": null,
            "location": "eastus",
            "min_tls_version": "TLS1_2",
            "name": "storagemorristaiblog",
            "network_rules": [
              {
                "bypass": [
                  "AzureServices"
                ],
                "default_action": "Allow",
                "ip_rules": [],
                "private_link_access": [],
                "virtual_network_subnet_ids": []
              }
            ],
            "nfsv3_enabled": false,
            "primary_access_key": "aiiElNVdQNoQOiN0TozPo0CiAJukiHAeLS8B2CBRJ0iukXkCedhGuyX2L0SWAD4IuSYgsUH1DM/b+AStvCWP0g==",
            "primary_blob_connection_string": "DefaultEndpointsProtocol=https;BlobEndpoint=https://storagemorristaiblog.blob.core.windows.net/;AccountName=storagemorristaiblog;AccountKey=aiiElNVdQNoQOiN0TozPo0CiAJukiHAeLS8B2CBRJ0iukXkCedhGuyX2L0SWAD4IuSYgsUH1DM/b+AStvCWP0g==",
            "primary_blob_endpoint": "https://storagemorristaiblog.blob.core.windows.net/",
            "primary_blob_host": "storagemorristaiblog.blob.core.windows.net",
            "primary_connection_string": "DefaultEndpointsProtocol=https;AccountName=storagemorristaiblog;AccountKey=aiiElNVdQNoQOiN0TozPo0CiAJukiHAeLS8B2CBRJ0iukXkCedhGuyX2L0SWAD4IuSYgsUH1DM/b+AStvCWP0g==;EndpointSuffix=core.windows.net",
            "primary_dfs_endpoint": "https://storagemorristaiblog.dfs.core.windows.net/",
            "primary_dfs_host": "storagemorristaiblog.dfs.core.windows.net",
            "primary_file_endpoint": "https://storagemorristaiblog.file.core.windows.net/",
            "primary_file_host": "storagemorristaiblog.file.core.windows.net",
            "primary_location": "eastus",
            "primary_queue_endpoint": "https://storagemorristaiblog.queue.core.windows.net/",
            "primary_queue_host": "storagemorristaiblog.queue.core.windows.net",
            "primary_table_endpoint": "https://storagemorristaiblog.table.core.windows.net/",
            "primary_table_host": "storagemorristaiblog.table.core.windows.net",
            "primary_web_endpoint": "https://storagemorristaiblog.z13.web.core.windows.net/",
            "primary_web_host": "storagemorristaiblog.z13.web.core.windows.net",
            "public_network_access_enabled": true,
            "queue_encryption_key_type": "Service",
            "queue_properties": [
              {
                "cors_rule": [],
                "hour_metrics": [
                  {
                    "enabled": true,
                    "include_apis": true,
                    "retention_policy_days": 7,
                    "version": "1.0"
                  }
                ],
                "logging": [
                  {
                    "delete": false,
                    "read": false,
                    "retention_policy_days": 0,
                    "version": "1.0",
                    "write": false
                  }
                ],
                "minute_metrics": [
                  {
                    "enabled": false,
                    "include_apis": false,
                    "retention_policy_days": 0,
                    "version": "1.0"
                  }
                ]
              }
            ],
            "resource_group_name": "morristai-blog-rg",
            "routing": [],
            "sas_policy": [],
            "secondary_access_key": "wn4MkmDyxLL67YwQ2w64KZDL0W4GdCAfygL06l3V16jFZ3OrEq9ELGWcJTAKAjCjG+Aq93LMjsv4+AStrf8U3A==",
            "secondary_blob_connection_string": "",
            "secondary_blob_endpoint": null,
            "secondary_blob_host": null,
            "secondary_connection_string": "DefaultEndpointsProtocol=https;AccountName=storagemorristaiblog;AccountKey=wn4MkmDyxLL67YwQ2w64KZDL0W4GdCAfygL06l3V16jFZ3OrEq9ELGWcJTAKAjCjG+Aq93LMjsv4+AStrf8U3A==;EndpointSuffix=core.windows.net",
            "secondary_dfs_endpoint": null,
            "secondary_dfs_host": null,
            "secondary_file_endpoint": null,
            "secondary_file_host": null,
            "secondary_location": "westus",
            "secondary_queue_endpoint": null,
            "secondary_queue_host": null,
            "secondary_table_endpoint": null,
            "secondary_table_host": null,
            "secondary_web_endpoint": null,
            "secondary_web_host": null,
            "sftp_enabled": false,
            "share_properties": [
              {
                "cors_rule": [],
                "retention_policy": [
                  {
                    "days": 7
                  }
                ],
                "smb": []
              }
            ],
            "shared_access_key_enabled": true,
            "static_website": [],
            "table_encryption_key_type": "Service",
            "tags": {},
            "timeouts": null
          },
          "sensitive_attributes": [],
          "private": "eyJlMmJmYjczMC1lY2FhLTExZTYtOGY4OC0zNDM2M2JjN2M0YzAiOnsiY3JlYXRlIjozNjAwMDAwMDAwMDAwLCJkZWxldGUiOjM2MDAwMDAwMDAwMDAsInJlYWQiOjMwMDAwMDAwMDAwMCwidXBkYXRlIjozNjAwMDAwMDAwMDAwfSwic2NoZW1hX3ZlcnNpb24iOiIzIn0=",
          "dependencies": [
            "azurerm_resource_group.blog"
          ]
        }
      ]
    }
  ],
  "check_results": null
}
